// !$*UTF8*$!
{
	archiveVersion = 1;
	classes = {
	};
	objectVersion = 46;
	objects = {

/* Begin PBXBuildFile section */
		1F4D4CA81BAC3A1600540E9B /* AppDelegate.swift in Sources */ = {isa = PBXBuildFile; fileRef = 1F4D4CA71BAC3A1600540E9B /* AppDelegate.swift */; };
		1F4D4CAA1BAC3A1600540E9B /* ViewController.swift in Sources */ = {isa = PBXBuildFile; fileRef = 1F4D4CA91BAC3A1600540E9B /* ViewController.swift */; };
		1F4D4CAD1BAC3A1600540E9B /* Main.storyboard in Resources */ = {isa = PBXBuildFile; fileRef = 1F4D4CAB1BAC3A1600540E9B /* Main.storyboard */; };
		1F4D4CAF1BAC3A1600540E9B /* Assets.xcassets in Resources */ = {isa = PBXBuildFile; fileRef = 1F4D4CAE1BAC3A1600540E9B /* Assets.xcassets */; };
		1F4D4CB21BAC3A1600540E9B /* LaunchScreen.storyboard in Resources */ = {isa = PBXBuildFile; fileRef = 1F4D4CB01BAC3A1600540E9B /* LaunchScreen.storyboard */; };
		1F4D4CBD1BAC3A1600540E9B /* signmeupTests.swift in Sources */ = {isa = PBXBuildFile; fileRef = 1F4D4CBC1BAC3A1600540E9B /* signmeupTests.swift */; };
		1F4D4CC81BAC3A1600540E9B /* signmeupUITests.swift in Sources */ = {isa = PBXBuildFile; fileRef = 1F4D4CC71BAC3A1600540E9B /* signmeupUITests.swift */; };
/* End PBXBuildFile section */

/* Begin PBXContainerItemProxy section */
		1F4D4CB91BAC3A1600540E9B /* PBXContainerItemProxy */ = {
			isa = PBXContainerItemProxy;
			containerPortal = 1F4D4C9C1BAC3A1600540E9B /* Project object */;
			proxyType = 1;
			remoteGlobalIDString = 1F4D4CA31BAC3A1600540E9B;
			remoteInfo = signmeup;
		};
		1F4D4CC41BAC3A1600540E9B /* PBXContainerItemProxy */ = {
			isa = PBXContainerItemProxy;
			containerPortal = 1F4D4C9C1BAC3A1600540E9B /* Project object */;
			proxyType = 1;
			remoteGlobalIDString = 1F4D4CA31BAC3A1600540E9B;
			remoteInfo = signmeup;
		};
/* End PBXContainerItemProxy section */

/* Begin PBXFileReference section */
		1F4D4CA41BAC3A1600540E9B /* signmeup.app */ = {isa = PBXFileReference; explicitFileType = wrapper.application; includeInIndex = 0; path = signmeup.app; sourceTree = BUILT_PRODUCTS_DIR; };
		1F4D4CA71BAC3A1600540E9B /* AppDelegate.swift */ = {isa = PBXFileReference; lastKnownFileType = sourcecode.swift; path = AppDelegate.swift; sourceTree = "<group>"; };
		1F4D4CA91BAC3A1600540E9B /* ViewController.swift */ = {isa = PBXFileReference; lastKnownFileType = sourcecode.swift; path = ViewController.swift; sourceTree = "<group>"; };
		1F4D4CAC1BAC3A1600540E9B /* Base */ = {isa = PBXFileReference; lastKnownFileType = file.storyboard; name = Base; path = Base.lproj/Main.storyboard; sourceTree = "<group>"; };
		1F4D4CAE1BAC3A1600540E9B /* Assets.xcassets */ = {isa = PBXFileReference; lastKnownFileType = folder.assetcatalog; path = Assets.xcassets; sourceTree = "<group>"; };
		1F4D4CB11BAC3A1600540E9B /* Base */ = {isa = PBXFileReference; lastKnownFileType = file.storyboard; name = Base; path = Base.lproj/LaunchScreen.storyboard; sourceTree = "<group>"; };
		1F4D4CB31BAC3A1600540E9B /* Info.plist */ = {isa = PBXFileReference; lastKnownFileType = text.plist.xml; path = Info.plist; sourceTree = "<group>"; };
		1F4D4CB81BAC3A1600540E9B /* signmeupTests.xctest */ = {isa = PBXFileReference; explicitFileType = wrapper.cfbundle; includeInIndex = 0; path = signmeupTests.xctest; sourceTree = BUILT_PRODUCTS_DIR; };
		1F4D4CBC1BAC3A1600540E9B /* signmeupTests.swift */ = {isa = PBXFileReference; lastKnownFileType = sourcecode.swift; path = signmeupTests.swift; sourceTree = "<group>"; };
		1F4D4CBE1BAC3A1600540E9B /* Info.plist */ = {isa = PBXFileReference; lastKnownFileType = text.plist.xml; path = Info.plist; sourceTree = "<group>"; };
		1F4D4CC31BAC3A1600540E9B /* signmeupUITests.xctest */ = {isa = PBXFileReference; explicitFileType = wrapper.cfbundle; includeInIndex = 0; path = signmeupUITests.xctest; sourceTree = BUILT_PRODUCTS_DIR; };
		1F4D4CC71BAC3A1600540E9B /* signmeupUITests.swift */ = {isa = PBXFileReference; lastKnownFileType = sourcecode.swift; path = signmeupUITests.swift; sourceTree = "<group>"; };
		1F4D4CC91BAC3A1600540E9B /* Info.plist */ = {isa = PBXFileReference; lastKnownFileType = text.plist.xml; path = Info.plist; sourceTree = "<group>"; };
/* End PBXFileReference section */

/* Begin PBXFrameworksBuildPhase section */
		1F4D4CA11BAC3A1600540E9B /* Frameworks */ = {
			isa = PBXFrameworksBuildPhase;
			buildActionMask = 2147483647;
			files = (
			);
			runOnlyForDeploymentPostprocessing = 0;
		};
		1F4D4CB51BAC3A1600540E9B /* Frameworks */ = {
			isa = PBXFrameworksBuildPhase;
			buildActionMask = 2147483647;
			files = (
			);
			runOnlyForDeploymentPostprocessing = 0;
		};
		1F4D4CC01BAC3A1600540E9B /* Frameworks */ = {
			isa = PBXFrameworksBuildPhase;
			buildActionMask = 2147483647;
			files = (
			);
			runOnlyForDeploymentPostprocessing = 0;
		};
/* End PBXFrameworksBuildPhase section */

/* Begin PBXGroup section */
		1F4D4C9B1BAC3A1600540E9B = {
			isa = PBXGroup;
			children = (
				1F4D4CA61BAC3A1600540E9B /* signmeup */,
				1F4D4CBB1BAC3A1600540E9B /* signmeupTests */,
				1F4D4CC61BAC3A1600540E9B /* signmeupUITests */,
				1F4D4CA51BAC3A1600540E9B /* Products */,
			);
			sourceTree = "<group>";
		};
		1F4D4CA51BAC3A1600540E9B /* Products */ = {
			isa = PBXGroup;
			children = (
				1F4D4CA41BAC3A1600540E9B /* signmeup.app */,
				1F4D4CB81BAC3A1600540E9B /* signmeupTests.xctest */,
				1F4D4CC31BAC3A1600540E9B /* signmeupUITests.xctest */,
			);
			name = Products;
			sourceTree = "<group>";
		};
		1F4D4CA61BAC3A1600540E9B /* signmeup */ = {
			isa = PBXGroup;
			children = (
				1F4D4CA71BAC3A1600540E9B /* AppDelegate.swift */,
				1F4D4CA91BAC3A1600540E9B /* ViewController.swift */,
				1F4D4CAB1BAC3A1600540E9B /* Main.storyboard */,
				1F4D4CAE1BAC3A1600540E9B /* Assets.xcassets */,
				1F4D4CB01BAC3A1600540E9B /* LaunchScreen.storyboard */,
				1F4D4CB31BAC3A1600540E9B /* Info.plist */,
			);
			path = signmeup;
			sourceTree = "<group>";
		};
		1F4D4CBB1BAC3A1600540E9B /* signmeupTests */ = {
			isa = PBXGroup;
			children = (
				1F4D4CBC1BAC3A1600540E9B /* signmeupTests.swift */,
				1F4D4CBE1BAC3A1600540E9B /* Info.plist */,
			);
			path = signmeupTests;
			sourceTree = "<group>";
		};
		1F4D4CC61BAC3A1600540E9B /* signmeupUITests */ = {
			isa = PBXGroup;
			children = (
				1F4D4CC71BAC3A1600540E9B /* signmeupUITests.swift */,
				1F4D4CC91BAC3A1600540E9B /* Info.plist */,
			);
			path = signmeupUITests;
			sourceTree = "<group>";
		};
/* End PBXGroup section */

/* Begin PBXNativeTarget section */
		1F4D4CA31BAC3A1600540E9B /* signmeup */ = {
			isa = PBXNativeTarget;
			buildConfigurationList = 1F4D4CCC1BAC3A1600540E9B /* Build configuration list for PBXNativeTarget "signmeup" */;
			buildPhases = (
				1F4D4CA01BAC3A1600540E9B /* Sources */,
				1F4D4CA11BAC3A1600540E9B /* Frameworks */,
				1F4D4CA21BAC3A1600540E9B /* Resources */,
			);
			buildRules = (
			);
			dependencies = (
			);
			name = signmeup;
			productName = signmeup;
			productReference = 1F4D4CA41BAC3A1600540E9B /* signmeup.app */;
			productType = "com.apple.product-type.application";
		};
		1F4D4CB71BAC3A1600540E9B /* signmeupTests */ = {
			isa = PBXNativeTarget;
			buildConfigurationList = 1F4D4CCF1BAC3A1600540E9B /* Build configuration list for PBXNativeTarget "signmeupTests" */;
			buildPhases = (
				1F4D4CB41BAC3A1600540E9B /* Sources */,
				1F4D4CB51BAC3A1600540E9B /* Frameworks */,
				1F4D4CB61BAC3A1600540E9B /* Resources */,
			);
			buildRules = (
			);
			dependencies = (
				1F4D4CBA1BAC3A1600540E9B /* PBXTargetDependency */,
			);
			name = signmeupTests;
			productName = signmeupTests;
			productReference = 1F4D4CB81BAC3A1600540E9B /* signmeupTests.xctest */;
			productType = "com.apple.product-type.bundle.unit-test";
		};
		1F4D4CC21BAC3A1600540E9B /* signmeupUITests */ = {
			isa = PBXNativeTarget;
			buildConfigurationList = 1F4D4CD21BAC3A1600540E9B /* Build configuration list for PBXNativeTarget "signmeupUITests" */;
			buildPhases = (
				1F4D4CBF1BAC3A1600540E9B /* Sources */,
				1F4D4CC01BAC3A1600540E9B /* Frameworks */,
				1F4D4CC11BAC3A1600540E9B /* Resources */,
			);
			buildRules = (
			);
			dependencies = (
				1F4D4CC51BAC3A1600540E9B /* PBXTargetDependency */,
			);
			name = signmeupUITests;
			productName = signmeupUITests;
			productReference = 1F4D4CC31BAC3A1600540E9B /* signmeupUITests.xctest */;
			productType = "com.apple.product-type.bundle.ui-testing";
		};
/* End PBXNativeTarget section */

/* Begin PBXProject section */
		1F4D4C9C1BAC3A1600540E9B /* Project object */ = {
			isa = PBXProject;
			attributes = {
				LastUpgradeCheck = 0710;
				ORGANIZATIONNAME = "NM Labs";
				TargetAttributes = {
					1F4D4CA31BAC3A1600540E9B = {
						CreatedOnToolsVersion = 7.1;
					};
					1F4D4CB71BAC3A1600540E9B = {
						CreatedOnToolsVersion = 7.1;
						TestTargetID = 1F4D4CA31BAC3A1600540E9B;
					};
					1F4D4CC21BAC3A1600540E9B = {
						CreatedOnToolsVersion = 7.1;
						TestTargetID = 1F4D4CA31BAC3A1600540E9B;
					};
				};
			};
			buildConfigurationList = 1F4D4C9F1BAC3A1600540E9B /* Build configuration list for PBXProject "signmeup" */;
			compatibilityVersion = "Xcode 3.2";
			developmentRegion = English;
			hasScannedForEncodings = 0;
			knownRegions = (
				en,
				Base,
			);
			mainGroup = 1F4D4C9B1BAC3A1600540E9B;
			productRefGroup = 1F4D4CA51BAC3A1600540E9B /* Products */;
			projectDirPath = "";
			projectRoot = "";
			targets = (
				1F4D4CA31BAC3A1600540E9B /* signmeup */,
				1F4D4CB71BAC3A1600540E9B /* signmeupTests */,
				1F4D4CC21BAC3A1600540E9B /* signmeupUITests */,
			);
		};
/* End PBXProject section */

/* Begin PBXResourcesBuildPhase section */
		1F4D4CA21BAC3A1600540E9B /* Resources */ = {
			isa = PBXResourcesBuildPhase;
			buildActionMask = 2147483647;
			files = (
				1F4D4CB21BAC3A1600540E9B /* LaunchScreen.storyboard in Resources */,
				1F4D4CAF1BAC3A1600540E9B /* Assets.xcassets in Resources */,
				1F4D4CAD1BAC3A1600540E9B /* Main.storyboard in Resources */,
			);
			runOnlyForDeploymentPostprocessing = 0;
		};
		1F4D4CB61BAC3A1600540E9B /* Resources */ = {
			isa = PBXResourcesBuildPhase;
			buildActionMask = 2147483647;
			files = (
			);
			runOnlyForDeploymentPostprocessing = 0;
		};
		1F4D4CC11BAC3A1600540E9B /* Resources */ = {
			isa = PBXResourcesBuildPhase;
			buildActionMask = 2147483647;
			files = (
			);
			runOnlyForDeploymentPostprocessing = 0;
		};
/* End PBXResourcesBuildPhase section */

/* Begin PBXSourcesBuildPhase section */
		1F4D4CA01BAC3A1600540E9B /* Sources */ = {
			isa = PBXSourcesBuildPhase;
			buildActionMask = 2147483647;
			files = (
				1F4D4CAA1BAC3A1600540E9B /* ViewController.swift in Sources */,
				1F4D4CA81BAC3A1600540E9B /* AppDelegate.swift in Sources */,
			);
			runOnlyForDeploymentPostprocessing = 0;
		};
		1F4D4CB41BAC3A1600540E9B /* Sources */ = {
			isa = PBXSourcesBuildPhase;
			buildActionMask = 2147483647;
			files = (
				1F4D4CBD1BAC3A1600540E9B /* signmeupTests.swift in Sources */,
			);
			runOnlyForDeploymentPostprocessing = 0;
		};
		1F4D4CBF1BAC3A1600540E9B /* Sources */ = {
			isa = PBXSourcesBuildPhase;
			buildActionMask = 2147483647;
			files = (
				1F4D4CC81BAC3A1600540E9B /* signmeupUITests.swift in Sources */,
			);
			runOnlyForDeploymentPostprocessing = 0;
		};
/* End PBXSourcesBuildPhase section */

/* Begin PBXTargetDependency section */
		1F4D4CBA1BAC3A1600540E9B /* PBXTargetDependency */ = {
			isa = PBXTargetDependency;
			target = 1F4D4CA31BAC3A1600540E9B /* signmeup */;
			targetProxy = 1F4D4CB91BAC3A1600540E9B /* PBXContainerItemProxy */;
		};
		1F4D4CC51BAC3A1600540E9B /* PBXTargetDependency */ = {
			isa = PBXTargetDependency;
			target = 1F4D4CA31BAC3A1600540E9B /* signmeup */;
			targetProxy = 1F4D4CC41BAC3A1600540E9B /* PBXContainerItemProxy */;
		};
/* End PBXTargetDependency section */

/* Begin PBXVariantGroup section */
		1F4D4CAB1BAC3A1600540E9B /* Main.storyboard */ = {
			isa = PBXVariantGroup;
			children = (
				1F4D4CAC1BAC3A1600540E9B /* Base */,
			);
			name = Main.storyboard;
			sourceTree = "<group>";
		};
		1F4D4CB01BAC3A1600540E9B /* LaunchScreen.storyboard */ = {
			isa = PBXVariantGroup;
			children = (
				1F4D4CB11BAC3A1600540E9B /* Base */,
			);
			name = LaunchScreen.storyboard;
			sourceTree = "<group>";
		};
/* End PBXVariantGroup section */

/* Begin XCBuildConfiguration section */
		1F4D4CCA1BAC3A1600540E9B /* Debug */ = {
			isa = XCBuildConfiguration;
			buildSettings = {
				ALWAYS_SEARCH_USER_PATHS = NO;
				CLANG_CXX_LANGUAGE_STANDARD = "gnu++0x";
				CLANG_CXX_LIBRARY = "libc++";
				CLANG_ENABLE_MODULES = YES;
				CLANG_ENABLE_OBJC_ARC = YES;
				CLANG_WARN_BOOL_CONVERSION = YES;
				CLANG_WARN_CONSTANT_CONVERSION = YES;
				CLANG_WARN_DIRECT_OBJC_ISA_USAGE = YES_ERROR;
				CLANG_WARN_EMPTY_BODY = YES;
				CLANG_WARN_ENUM_CONVERSION = YES;
				CLANG_WARN_INT_CONVERSION = YES;
				CLANG_WARN_OBJC_ROOT_CLASS = YES_ERROR;
				CLANG_WARN_UNREACHABLE_CODE = YES;
				CLANG_WARN__DUPLICATE_METHOD_MATCH = YES;
				"CODE_SIGN_IDENTITY[sdk=iphoneos*]" = "iPhone Developer";
				COPY_PHASE_STRIP = NO;
				DEBUG_INFORMATION_FORMAT = dwarf;
				ENABLE_STRICT_OBJC_MSGSEND = YES;
				ENABLE_TESTABILITY = YES;
				GCC_C_LANGUAGE_STANDARD = gnu99;
				GCC_DYNAMIC_NO_PIC = NO;
				GCC_NO_COMMON_BLOCKS = YES;
				GCC_OPTIMIZATION_LEVEL = 0;
				GCC_PREPROCESSOR_DEFINITIONS = (
					"DEBUG=1",
					"$(inherited)",
				);
				GCC_WARN_64_TO_32_BIT_CONVERSION = YES;
				GCC_WARN_ABOUT_RETURN_TYPE = YES_ERROR;
				GCC_WARN_UNDECLARED_SELECTOR = YES;
				GCC_WARN_UNINITIALIZED_AUTOS = YES_AGGRESSIVE;
				GCC_WARN_UNUSED_FUNCTION = YES;
				GCC_WARN_UNUSED_VARIABLE = YES;
				IPHONEOS_DEPLOYMENT_TARGET = 9.1;
				MTL_ENABLE_DEBUG_INFO = YES;
				ONLY_ACTIVE_ARCH = YES;
				SDKROOT = iphoneos;
				SWIFT_OPTIMIZATION_LEVEL = "-Onone";
				TARGETED_DEVICE_FAMILY = "1,2";
			};
			name = Debug;
		};
		1F4D4CCB1BAC3A1600540E9B /* Release */ = {
			isa = XCBuildConfiguration;
			buildSettings = {
				ALWAYS_SEARCH_USER_PATHS = NO;
				CLANG_CXX_LANGUAGE_STANDARD = "gnu++0x";
				CLANG_CXX_LIBRARY = "libc++";
				CLANG_ENABLE_MODULES = YES;
				CLANG_ENABLE_OBJC_ARC = YES;
				CLANG_WARN_BOOL_CONVERSION = YES;
				CLANG_WARN_CONSTANT_CONVERSION = YES;
				CLANG_WARN_DIRECT_OBJC_ISA_USAGE = YES_ERROR;
				CLANG_WARN_EMPTY_BODY = YES;
				CLANG_WARN_ENUM_CONVERSION = YES;
				CLANG_WARN_INT_CONVERSION = YES;
				CLANG_WARN_OBJC_ROOT_CLASS = YES_ERROR;
				CLANG_WARN_UNREACHABLE_CODE = YES;
				CLANG_WARN__DUPLICATE_METHOD_MATCH = YES;
				"CODE_SIGN_IDENTITY[sdk=iphoneos*]" = "iPhone Developer";
				COPY_PHASE_STRIP = NO;
				DEBUG_INFORMATION_FORMAT = "dwarf-with-dsym";
				ENABLE_NS_ASSERTIONS = NO;
				ENABLE_STRICT_OBJC_MSGSEND = YES;
				GCC_C_LANGUAGE_STANDARD = gnu99;
				GCC_NO_COMMON_BLOCKS = YES;
				GCC_WARN_64_TO_32_BIT_CONVERSION = YES;
				GCC_WARN_ABOUT_RETURN_TYPE = YES_ERROR;
				GCC_WARN_UNDECLARED_SELECTOR = YES;
				GCC_WARN_UNINITIALIZED_AUTOS = YES_AGGRESSIVE;
				GCC_WARN_UNUSED_FUNCTION = YES;
				GCC_WARN_UNUSED_VARIABLE = YES;
				IPHONEOS_DEPLOYMENT_TARGET = 9.1;
				MTL_ENABLE_DEBUG_INFO = NO;
				SDKROOT = iphoneos;
				TARGETED_DEVICE_FAMILY = "1,2";
				VALIDATE_PRODUCT = YES;
			};
			name = Release;
		};
		1F4D4CCD1BAC3A1600540E9B /* Debug */ = {
			isa = XCBuildConfiguration;
			buildSettings = {
				ASSETCATALOG_COMPILER_APPICON_NAME = AppIcon;
				INFOPLIST_FILE = signmeup/Info.plist;
				LD_RUNPATH_SEARCH_PATHS = "$(inherited) @executable_path/Frameworks";
				PRODUCT_BUNDLE_IDENTIFIER = co.natebird.signmeup;
				PRODUCT_NAME = "$(TARGET_NAME)";
			};
			name = Debug;
		};
		1F4D4CCE1BAC3A1600540E9B /* Release */ = {
			isa = XCBuildConfiguration;
			buildSettings = {
				ASSETCATALOG_COMPILER_APPICON_NAME = AppIcon;
				INFOPLIST_FILE = signmeup/Info.plist;
				LD_RUNPATH_SEARCH_PATHS = "$(inherited) @executable_path/Frameworks";
				PRODUCT_BUNDLE_IDENTIFIER = co.natebird.signmeup;
				PRODUCT_NAME = "$(TARGET_NAME)";
			};
			name = Release;
		};
		1F4D4CD01BAC3A1600540E9B /* Debug */ = {
			isa = XCBuildConfiguration;
			buildSettings = {
				BUNDLE_LOADER = "$(TEST_HOST)";
				INFOPLIST_FILE = signmeupTests/Info.plist;
				LD_RUNPATH_SEARCH_PATHS = "$(inherited) @executable_path/Frameworks @loader_path/Frameworks";
				PRODUCT_BUNDLE_IDENTIFIER = co.natebird.signmeupTests;
				PRODUCT_NAME = "$(TARGET_NAME)";
				TEST_HOST = "$(BUILT_PRODUCTS_DIR)/signmeup.app/signmeup";
			};
			name = Debug;
		};
		1F4D4CD11BAC3A1600540E9B /* Release */ = {
			isa = XCBuildConfiguration;
			buildSettings = {
				BUNDLE_LOADER = "$(TEST_HOST)";
				INFOPLIST_FILE = signmeupTests/Info.plist;
				LD_RUNPATH_SEARCH_PATHS = "$(inherited) @executable_path/Frameworks @loader_path/Frameworks";
				PRODUCT_BUNDLE_IDENTIFIER = co.natebird.signmeupTests;
				PRODUCT_NAME = "$(TARGET_NAME)";
				TEST_HOST = "$(BUILT_PRODUCTS_DIR)/signmeup.app/signmeup";
			};
			name = Release;
		};
		1F4D4CD31BAC3A1600540E9B /* Debug */ = {
			isa = XCBuildConfiguration;
			buildSettings = {
				INFOPLIST_FILE = signmeupUITests/Info.plist;
				LD_RUNPATH_SEARCH_PATHS = "$(inherited) @executable_path/Frameworks @loader_path/Frameworks";
				PRODUCT_BUNDLE_IDENTIFIER = co.natebird.signmeupUITests;
				PRODUCT_NAME = "$(TARGET_NAME)";
				TEST_TARGET_NAME = signmeup;
				USES_XCTRUNNER = YES;
			};
			name = Debug;
		};
		1F4D4CD41BAC3A1600540E9B /* Release */ = {
			isa = XCBuildConfiguration;
			buildSettings = {
				INFOPLIST_FILE = signmeupUITests/Info.plist;
				LD_RUNPATH_SEARCH_PATHS = "$(inherited) @executable_path/Frameworks @loader_path/Frameworks";
				PRODUCT_BUNDLE_IDENTIFIER = co.natebird.signmeupUITests;
				PRODUCT_NAME = "$(TARGET_NAME)";
				TEST_TARGET_NAME = signmeup;
				USES_XCTRUNNER = YES;
			};
			name = Release;
		};
/* End XCBuildConfiguration section */

/* Begin XCConfigurationList section */
		1F4D4C9F1BAC3A1600540E9B /* Build configuration list for PBXProject "signmeup" */ = {
			isa = XCConfigurationList;
			buildConfigurations = (
				1F4D4CCA1BAC3A1600540E9B /* Debug */,
				1F4D4CCB1BAC3A1600540E9B /* Release */,
			);
			defaultConfigurationIsVisible = 0;
			defaultConfigurationName = Release;
		};
		1F4D4CCC1BAC3A1600540E9B /* Build configuration list for PBXNativeTarget "signmeup" */ = {
			isa = XCConfigurationList;
			buildConfigurations = (
				1F4D4CCD1BAC3A1600540E9B /* Debug */,
				1F4D4CCE1BAC3A1600540E9B /* Release */,
			);
			defaultConfigurationIsVisible = 0;
		};
		1F4D4CCF1BAC3A1600540E9B /* Build configuration list for PBXNativeTarget "signmeupTests" */ = {
			isa = XCConfigurationList;
			buildConfigurations = (
				1F4D4CD01BAC3A1600540E9B /* Debug */,
				1F4D4CD11BAC3A1600540E9B /* Release */,
			);
			defaultConfigurationIsVisible = 0;
		};
		1F4D4CD21BAC3A1600540E9B /* Build configuration list for PBXNativeTarget "signmeupUITests" */ = {
			isa = XCConfigurationList;
			buildConfigurations = (
				1F4D4CD31BAC3A1600540E9B /* Debug */,
				1F4D4CD41BAC3A1600540E9B /* Release */,
			);
			defaultConfigurationIsVisible = 0;
		};
/* End XCConfigurationList section */
	};
	rootObject = 1F4D4C9C1BAC3A1600540E9B /* Project object */;
}
